
Microsoft Visual Studio Solution File, Format Version 12.00
# Visual Studio Version 17
VisualStudioVersion = 17.12.35707.178
MinimumVisualStudioVersion = 10.0.40219.1
Project("{FAE04EC0-301F-11D3-BF4B-00C04F79EFBC}") = "PudelkoConsoleApp", "PudelkoConsoleApp\PudelkoConsoleApp.csproj", "{0CDA1060-91B5-445F-AE7D-5E9AC17966CA}"
EndProject
Project("{FAE04EC0-301F-11D3-BF4B-00C04F79EFBC}") = "PudelkoLib", "PudelkoLib\PudelkoLib.csproj", "{D41E544A-5952-46C3-B916-90557E43900E}"
EndProject
Project("{FAE04EC0-301F-11D3-BF4B-00C04F79EFBC}") = "PudelkoTests", "PudelkoTests\PudelkoTests.csproj", "{7DFCE7FD-C8D8-44A4-8D9E-6F0272FDED3F}"
EndProject
Global
	GlobalSection(SolutionConfigurationPlatforms) = preSolution
		Debug|Any CPU = Debug|Any CPU
		Release|Any CPU = Release|Any CPU
	EndGlobalSection
	GlobalSection(ProjectConfigurationPlatforms) = postSolution
		{0CDA1060-91B5-445F-AE7D-5E9AC17966CA}.Debug|Any CPU.ActiveCfg = Debug|Any CPU
		{0CDA1060-91B5-445F-AE7D-5E9AC17966CA}.Debug|Any CPU.Build.0 = Debug|Any CPU
		{0CDA1060-91B5-445F-AE7D-5E9AC17966CA}.Release|Any CPU.ActiveCfg = Release|Any CPU
		{0CDA1060-91B5-445F-AE7D-5E9AC17966CA}.Release|Any CPU.Build.0 = Release|Any CPU
		{D41E544A-5952-46C3-B916-90557E43900E}.Debug|Any CPU.ActiveCfg = Debug|Any CPU
		{D41E544A-5952-46C3-B916-90557E43900E}.Debug|Any CPU.Build.0 = Debug|Any CPU
		{D41E544A-5952-46C3-B916-90557E43900E}.Release|Any CPU.ActiveCfg = Release|Any CPU
		{D41E544A-5952-46C3-B916-90557E43900E}.Release|Any CPU.Build.0 = Release|Any CPU
		{7DFCE7FD-C8D8-44A4-8D9E-6F0272FDED3F}.Debug|Any CPU.ActiveCfg = Debug|Any CPU
		{7DFCE7FD-C8D8-44A4-8D9E-6F0272FDED3F}.Debug|Any CPU.Build.0 = Debug|Any CPU
		{7DFCE7FD-C8D8-44A4-8D9E-6F0272FDED3F}.Release|Any CPU.ActiveCfg = Release|Any CPU
		{7DFCE7FD-C8D8-44A4-8D9E-6F0272FDED3F}.Release|Any CPU.Build.0 = Release|Any CPU
	EndGlobalSection
	GlobalSection(SolutionProperties) = preSolution
		HideSolutionNode = FALSE
	EndGlobalSection
	GlobalSection(ExtensibilityGlobals) = postSolution
		SolutionGuid = {F8C0EF73-8185-4457-BED7-550990751AF0}
	EndGlobalSection
EndGlobal
